
Microsoft Visual Studio Solution File, Format Version 12.00
# Visual Studio Version 17
VisualStudioVersion = 17.9.34728.123
MinimumVisualStudioVersion = 10.0.40219.1
Project("{FAE04EC0-301F-11D3-BF4B-00C04F79EFBC}") = "FBTest", "FBTest\FBTest.csproj", "{FD3B1F65-799D-4306-BC39-624AF1CBB2A4}"
EndProject
Project("{FAE04EC0-301F-11D3-BF4B-00C04F79EFBC}") = "KataTests", "KataTests\KataTests.csproj", "{270BA3BE-D399-4DF9-A634-22BA7FE16B0E}"
EndProject
Global
	GlobalSection(SolutionConfigurationPlatforms) = preSolution
		Debug|Any CPU = Debug|Any CPU
		Release|Any CPU = Release|Any CPU
	EndGlobalSection
	GlobalSection(ProjectConfigurationPlatforms) = postSolution
		{FD3B1F65-799D-4306-BC39-624AF1CBB2A4}.Debug|Any CPU.ActiveCfg = Debug|Any CPU
		{FD3B1F65-799D-4306-BC39-624AF1CBB2A4}.Debug|Any CPU.Build.0 = Debug|Any CPU
		{FD3B1F65-799D-4306-BC39-624AF1CBB2A4}.Release|Any CPU.ActiveCfg = Release|Any CPU
		{FD3B1F65-799D-4306-BC39-624AF1CBB2A4}.Release|Any CPU.Build.0 = Release|Any CPU
		{270BA3BE-D399-4DF9-A634-22BA7FE16B0E}.Debug|Any CPU.ActiveCfg = Debug|Any CPU
		{270BA3BE-D399-4DF9-A634-22BA7FE16B0E}.Debug|Any CPU.Build.0 = Debug|Any CPU
		{270BA3BE-D399-4DF9-A634-22BA7FE16B0E}.Release|Any CPU.ActiveCfg = Release|Any CPU
		{270BA3BE-D399-4DF9-A634-22BA7FE16B0E}.Release|Any CPU.Build.0 = Release|Any CPU
	EndGlobalSection
	GlobalSection(SolutionProperties) = preSolution
		HideSolutionNode = FALSE
	EndGlobalSection
	GlobalSection(ExtensibilityGlobals) = postSolution
		SolutionGuid = {73F84CF4-CC76-43C4-A69F-EE6DA7C126D0}
	EndGlobalSection
EndGlobal
